
Microsoft Visual Studio Solution File, Format Version 12.00
# Visual Studio Version 16
VisualStudioVersion = 16.0.29201.188
MinimumVisualStudioVersion = 10.0.40219.1
Project("{9A19103F-16F7-4668-BE54-9A1E7A4F7556}") = "MediatRsample.Api", "MediatRsample.Api\MediatRsample.Api.csproj", "{0076DDA1-0822-4FC3-B6AA-40457001DD20}"
EndProject
Project("{9A19103F-16F7-4668-BE54-9A1E7A4F7556}") = "MediatRsample.Domain", "MediatRsample.Domain\MediatRsample.Domain.csproj", "{CD0F81F0-5234-4367-864F-C4DC466F9C56}"
EndProject
Project("{9A19103F-16F7-4668-BE54-9A1E7A4F7556}") = "MediatRsample.App", "MediatRsample.App\MediatRsample.App.csproj", "{46F14DAA-303D-4242-9868-B73E2B30FAEB}"
EndProject
Global
	GlobalSection(SolutionConfigurationPlatforms) = preSolution
		Debug|Any CPU = Debug|Any CPU
		Release|Any CPU = Release|Any CPU
	EndGlobalSection
	GlobalSection(ProjectConfigurationPlatforms) = postSolution
		{0076DDA1-0822-4FC3-B6AA-40457001DD20}.Debug|Any CPU.ActiveCfg = Debug|Any CPU
		{0076DDA1-0822-4FC3-B6AA-40457001DD20}.Debug|Any CPU.Build.0 = Debug|Any CPU
		{0076DDA1-0822-4FC3-B6AA-40457001DD20}.Release|Any CPU.ActiveCfg = Release|Any CPU
		{0076DDA1-0822-4FC3-B6AA-40457001DD20}.Release|Any CPU.Build.0 = Release|Any CPU
		{CD0F81F0-5234-4367-864F-C4DC466F9C56}.Debug|Any CPU.ActiveCfg = Debug|Any CPU
		{CD0F81F0-5234-4367-864F-C4DC466F9C56}.Debug|Any CPU.Build.0 = Debug|Any CPU
		{CD0F81F0-5234-4367-864F-C4DC466F9C56}.Release|Any CPU.ActiveCfg = Release|Any CPU
		{CD0F81F0-5234-4367-864F-C4DC466F9C56}.Release|Any CPU.Build.0 = Release|Any CPU
		{46F14DAA-303D-4242-9868-B73E2B30FAEB}.Debug|Any CPU.ActiveCfg = Debug|Any CPU
		{46F14DAA-303D-4242-9868-B73E2B30FAEB}.Debug|Any CPU.Build.0 = Debug|Any CPU
		{46F14DAA-303D-4242-9868-B73E2B30FAEB}.Release|Any CPU.ActiveCfg = Release|Any CPU
		{46F14DAA-303D-4242-9868-B73E2B30FAEB}.Release|Any CPU.Build.0 = Release|Any CPU
	EndGlobalSection
	GlobalSection(SolutionProperties) = preSolution
		HideSolutionNode = FALSE
	EndGlobalSection
	GlobalSection(ExtensibilityGlobals) = postSolution
		SolutionGuid = {62268270-4B0F-433C-A0BE-337A77C9A0F4}
	EndGlobalSection
EndGlobal
